
Microsoft Visual Studio Solution File, Format Version 12.00
# Visual Studio Version 17
VisualStudioVersion = 17.10.34928.147
MinimumVisualStudioVersion = 10.0.40219.1
Project("{FAE04EC0-301F-11D3-BF4B-00C04F79EFBC}") = "ComponentBasedGame", "ComponendBasedGame\ComponentBasedGame.csproj", "{C7DBF0D3-ECE1-4193-803F-76ADA256308C}"
EndProject
Global
	GlobalSection(SolutionConfigurationPlatforms) = preSolution
		Debug|Any CPU = Debug|Any CPU
		Release|Any CPU = Release|Any CPU
	EndGlobalSection
	GlobalSection(ProjectConfigurationPlatforms) = postSolution
		{C7DBF0D3-ECE1-4193-803F-76ADA256308C}.Debug|Any CPU.ActiveCfg = Debug|Any CPU
		{C7DBF0D3-ECE1-4193-803F-76ADA256308C}.Debug|Any CPU.Build.0 = Debug|Any CPU
		{C7DBF0D3-ECE1-4193-803F-76ADA256308C}.Release|Any CPU.ActiveCfg = Release|Any CPU
		{C7DBF0D3-ECE1-4193-803F-76ADA256308C}.Release|Any CPU.Build.0 = Release|Any CPU
	EndGlobalSection
	GlobalSection(SolutionProperties) = preSolution
		HideSolutionNode = FALSE
	EndGlobalSection
	GlobalSection(ExtensibilityGlobals) = postSolution
		SolutionGuid = {0835F99B-DEEA-4FAA-924C-5455BD54AFF2}
	EndGlobalSection
EndGlobal
